// !$*UTF8*$!
{
	archiveVersion = 1;
	classes = {
	};
	objectVersion = 56;
	objects = {

/* Begin PBXBuildFile section */
		B5539E322CF41EFB00D5FBC1 /* WeatherAppApp.swift in Sources */ = {isa = PBXBuildFile; fileRef = B5539E312CF41EFB00D5FBC1 /* WeatherAppApp.swift */; };
		B5539E342CF41EFB00D5FBC1 /* ContentView.swift in Sources */ = {isa = PBXBuildFile; fileRef = B5539E332CF41EFB00D5FBC1 /* ContentView.swift */; };
		B5539E362CF41EFD00D5FBC1 /* Assets.xcassets in Resources */ = {isa = PBXBuildFile; fileRef = B5539E352CF41EFD00D5FBC1 /* Assets.xcassets */; };
		B5539E392CF41EFD00D5FBC1 /* Preview Assets.xcassets in Resources */ = {isa = PBXBuildFile; fileRef = B5539E382CF41EFD00D5FBC1 /* Preview Assets.xcassets */; };
		B5539E422CF4218700D5FBC1 /* WeatherModel.swift in Sources */ = {isa = PBXBuildFile; fileRef = B5539E412CF4218700D5FBC1 /* WeatherModel.swift */; };
		B5539E452CF421A500D5FBC1 /* ErrorResponse.swift in Sources */ = {isa = PBXBuildFile; fileRef = B5539E442CF421A500D5FBC1 /* ErrorResponse.swift */; };
		B5539E4B2CF4228300D5FBC1 /* NetworkError.swift in Sources */ = {isa = PBXBuildFile; fileRef = B5539E4A2CF4228300D5FBC1 /* NetworkError.swift */; };
		B5539E4D2CF422A900D5FBC1 /* APIManager.swift in Sources */ = {isa = PBXBuildFile; fileRef = B5539E4C2CF422A900D5FBC1 /* APIManager.swift */; };
		B5539E512CF4231D00D5FBC1 /* WeatherViewModel.swift in Sources */ = {isa = PBXBuildFile; fileRef = B5539E502CF4231D00D5FBC1 /* WeatherViewModel.swift */; };
		B5539E532CF4235600D5FBC1 /* WeatherView.swift in Sources */ = {isa = PBXBuildFile; fileRef = B5539E522CF4235600D5FBC1 /* WeatherView.swift */; };
		B5539E562CF4239100D5FBC1 /* SearchBarView.swift in Sources */ = {isa = PBXBuildFile; fileRef = B5539E552CF4239100D5FBC1 /* SearchBarView.swift */; };
		B5539E582CF423A300D5FBC1 /* LoadingView.swift in Sources */ = {isa = PBXBuildFile; fileRef = B5539E572CF423A300D5FBC1 /* LoadingView.swift */; };
		B5539E5A2CF423B800D5FBC1 /* WeatherContentView.swift in Sources */ = {isa = PBXBuildFile; fileRef = B5539E592CF423B800D5FBC1 /* WeatherContentView.swift */; };
		B5539E5C2CF423C700D5FBC1 /* WeatherInfoView.swift in Sources */ = {isa = PBXBuildFile; fileRef = B5539E5B2CF423C700D5FBC1 /* WeatherInfoView.swift */; };
		B5539E5E2CF423D600D5FBC1 /* ErrorView.swift in Sources */ = {isa = PBXBuildFile; fileRef = B5539E5D2CF423D600D5FBC1 /* ErrorView.swift */; };
		F00FD75D9FA036056FF0A0DF /* Pods_WeatherApp.framework in Frameworks */ = {isa = PBXBuildFile; fileRef = B075F2A22C38046675B48A3A /* Pods_WeatherApp.framework */; };
/* End PBXBuildFile section */

/* Begin PBXFileReference section */
		32FDB062B1F1F53EE745F31E /* Pods-WeatherApp.release.xcconfig */ = {isa = PBXFileReference; includeInIndex = 1; lastKnownFileType = text.xcconfig; name = "Pods-WeatherApp.release.xcconfig"; path = "Target Support Files/Pods-WeatherApp/Pods-WeatherApp.release.xcconfig"; sourceTree = "<group>"; };
		84F84A9C6D2E9FBD4CEBF058 /* Pods-WeatherApp.debug.xcconfig */ = {isa = PBXFileReference; includeInIndex = 1; lastKnownFileType = text.xcconfig; name = "Pods-WeatherApp.debug.xcconfig"; path = "Target Support Files/Pods-WeatherApp/Pods-WeatherApp.debug.xcconfig"; sourceTree = "<group>"; };
		B075F2A22C38046675B48A3A /* Pods_WeatherApp.framework */ = {isa = PBXFileReference; explicitFileType = wrapper.framework; includeInIndex = 0; path = Pods_WeatherApp.framework; sourceTree = BUILT_PRODUCTS_DIR; };
		B5539E2E2CF41EFB00D5FBC1 /* WeatherApp.app */ = {isa = PBXFileReference; explicitFileType = wrapper.application; includeInIndex = 0; path = WeatherApp.app; sourceTree = BUILT_PRODUCTS_DIR; };
		B5539E312CF41EFB00D5FBC1 /* WeatherAppApp.swift */ = {isa = PBXFileReference; lastKnownFileType = sourcecode.swift; path = WeatherAppApp.swift; sourceTree = "<group>"; };
		B5539E332CF41EFB00D5FBC1 /* ContentView.swift */ = {isa = PBXFileReference; lastKnownFileType = sourcecode.swift; path = ContentView.swift; sourceTree = "<group>"; };
		B5539E352CF41EFD00D5FBC1 /* Assets.xcassets */ = {isa = PBXFileReference; lastKnownFileType = folder.assetcatalog; path = Assets.xcassets; sourceTree = "<group>"; };
		B5539E382CF41EFD00D5FBC1 /* Preview Assets.xcassets */ = {isa = PBXFileReference; lastKnownFileType = folder.assetcatalog; path = "Preview Assets.xcassets"; sourceTree = "<group>"; };
		B5539E412CF4218700D5FBC1 /* WeatherModel.swift */ = {isa = PBXFileReference; lastKnownFileType = sourcecode.swift; path = WeatherModel.swift; sourceTree = "<group>"; };
		B5539E442CF421A500D5FBC1 /* ErrorResponse.swift */ = {isa = PBXFileReference; lastKnownFileType = sourcecode.swift; path = ErrorResponse.swift; sourceTree = "<group>"; };
		B5539E4A2CF4228300D5FBC1 /* NetworkError.swift */ = {isa = PBXFileReference; lastKnownFileType = sourcecode.swift; path = NetworkError.swift; sourceTree = "<group>"; };
		B5539E4C2CF422A900D5FBC1 /* APIManager.swift */ = {isa = PBXFileReference; lastKnownFileType = sourcecode.swift; path = APIManager.swift; sourceTree = "<group>"; };
		B5539E502CF4231D00D5FBC1 /* WeatherViewModel.swift */ = {isa = PBXFileReference; lastKnownFileType = sourcecode.swift; path = WeatherViewModel.swift; sourceTree = "<group>"; };
		B5539E522CF4235600D5FBC1 /* WeatherView.swift */ = {isa = PBXFileReference; lastKnownFileType = sourcecode.swift; path = WeatherView.swift; sourceTree = "<group>"; };
		B5539E552CF4239100D5FBC1 /* SearchBarView.swift */ = {isa = PBXFileReference; lastKnownFileType = sourcecode.swift; path = SearchBarView.swift; sourceTree = "<group>"; };
		B5539E572CF423A300D5FBC1 /* LoadingView.swift */ = {isa = PBXFileReference; lastKnownFileType = sourcecode.swift; path = LoadingView.swift; sourceTree = "<group>"; };
		B5539E592CF423B800D5FBC1 /* WeatherContentView.swift */ = {isa = PBXFileReference; lastKnownFileType = sourcecode.swift; path = WeatherContentView.swift; sourceTree = "<group>"; };
		B5539E5B2CF423C700D5FBC1 /* WeatherInfoView.swift */ = {isa = PBXFileReference; lastKnownFileType = sourcecode.swift; path = WeatherInfoView.swift; sourceTree = "<group>"; };
		B5539E5D2CF423D600D5FBC1 /* ErrorView.swift */ = {isa = PBXFileReference; lastKnownFileType = sourcecode.swift; path = ErrorView.swift; sourceTree = "<group>"; };
/* End PBXFileReference section */

/* Begin PBXFrameworksBuildPhase section */
		B5539E2B2CF41EFB00D5FBC1 /* Frameworks */ = {
			isa = PBXFrameworksBuildPhase;
			buildActionMask = 2147483647;
			files = (
				F00FD75D9FA036056FF0A0DF /* Pods_WeatherApp.framework in Frameworks */,
			);
			runOnlyForDeploymentPostprocessing = 0;
		};
/* End PBXFrameworksBuildPhase section */

/* Begin PBXGroup section */
		013CB5612978E8AB89FE2EF6 /* Pods */ = {
			isa = PBXGroup;
			children = (
				84F84A9C6D2E9FBD4CEBF058 /* Pods-WeatherApp.debug.xcconfig */,
				32FDB062B1F1F53EE745F31E /* Pods-WeatherApp.release.xcconfig */,
			);
			path = Pods;
			sourceTree = "<group>";
		};
		35926F25452FAEA799AB7B51 /* Frameworks */ = {
			isa = PBXGroup;
			children = (
				B075F2A22C38046675B48A3A /* Pods_WeatherApp.framework */,
			);
			name = Frameworks;
			sourceTree = "<group>";
		};
		B5539E252CF41EFB00D5FBC1 = {
			isa = PBXGroup;
			children = (
				B5539E302CF41EFB00D5FBC1 /* WeatherApp */,
				B5539E2F2CF41EFB00D5FBC1 /* Products */,
				013CB5612978E8AB89FE2EF6 /* Pods */,
				35926F25452FAEA799AB7B51 /* Frameworks */,
			);
			sourceTree = "<group>";
		};
		B5539E2F2CF41EFB00D5FBC1 /* Products */ = {
			isa = PBXGroup;
			children = (
				B5539E2E2CF41EFB00D5FBC1 /* WeatherApp.app */,
			);
			name = Products;
			sourceTree = "<group>";
		};
		B5539E302CF41EFB00D5FBC1 /* WeatherApp */ = {
			isa = PBXGroup;
			children = (
				B5539E492CF4222A00D5FBC1 /* Utilities */,
				B5539E482CF4221000D5FBC1 /* Network */,
				B5539E472CF421D100D5FBC1 /* ViewModels */,
				B5539E462CF421BE00D5FBC1 /* Views */,
				B5539E402CF4216E00D5FBC1 /* Models */,
				B5539E3F2CF4215E00D5FBC1 /* App */,
				B5539E332CF41EFB00D5FBC1 /* ContentView.swift */,
				B5539E352CF41EFD00D5FBC1 /* Assets.xcassets */,
				B5539E372CF41EFD00D5FBC1 /* Preview Content */,
			);
			path = WeatherApp;
			sourceTree = "<group>";
		};
		B5539E372CF41EFD00D5FBC1 /* Preview Content */ = {
			isa = PBXGroup;
			children = (
				B5539E382CF41EFD00D5FBC1 /* Preview Assets.xcassets */,
			);
			path = "Preview Content";
			sourceTree = "<group>";
		};
		B5539E3F2CF4215E00D5FBC1 /* App */ = {
			isa = PBXGroup;
			children = (
				B5539E312CF41EFB00D5FBC1 /* WeatherAppApp.swift */,
			);
			path = App;
			sourceTree = "<group>";
		};
		B5539E402CF4216E00D5FBC1 /* Models */ = {
			isa = PBXGroup;
			children = (
				B5539E412CF4218700D5FBC1 /* WeatherModel.swift */,
				B5539E442CF421A500D5FBC1 /* ErrorResponse.swift */,
			);
			path = Models;
			sourceTree = "<group>";
		};
		B5539E462CF421BE00D5FBC1 /* Views */ = {
			isa = PBXGroup;
			children = (
				B5539E542CF4237900D5FBC1 /* Components */,
				B5539E522CF4235600D5FBC1 /* WeatherView.swift */,
			);
			path = Views;
			sourceTree = "<group>";
		};
		B5539E472CF421D100D5FBC1 /* ViewModels */ = {
			isa = PBXGroup;
			children = (
				B5539E502CF4231D00D5FBC1 /* WeatherViewModel.swift */,
			);
			path = ViewModels;
			sourceTree = "<group>";
		};
		B5539E482CF4221000D5FBC1 /* Network */ = {
			isa = PBXGroup;
			children = (
				B5539E4A2CF4228300D5FBC1 /* NetworkError.swift */,
				B5539E4C2CF422A900D5FBC1 /* APIManager.swift */,
			);
			path = Network;
			sourceTree = "<group>";
		};
		B5539E492CF4222A00D5FBC1 /* Utilities */ = {
			isa = PBXGroup;
			children = (
			);
			path = Utilities;
			sourceTree = "<group>";
		};
		B5539E542CF4237900D5FBC1 /* Components */ = {
			isa = PBXGroup;
			children = (
				B5539E552CF4239100D5FBC1 /* SearchBarView.swift */,
				B5539E572CF423A300D5FBC1 /* LoadingView.swift */,
				B5539E592CF423B800D5FBC1 /* WeatherContentView.swift */,
				B5539E5B2CF423C700D5FBC1 /* WeatherInfoView.swift */,
				B5539E5D2CF423D600D5FBC1 /* ErrorView.swift */,
			);
			path = Components;
			sourceTree = "<group>";
		};
/* End PBXGroup section */

/* Begin PBXNativeTarget section */
		B5539E2D2CF41EFB00D5FBC1 /* WeatherApp */ = {
			isa = PBXNativeTarget;
			buildConfigurationList = B5539E3C2CF41EFD00D5FBC1 /* Build configuration list for PBXNativeTarget "WeatherApp" */;
			buildPhases = (
				403B56B99C78A3AC539B561A /* [CP] Check Pods Manifest.lock */,
				B5539E2A2CF41EFB00D5FBC1 /* Sources */,
				B5539E2B2CF41EFB00D5FBC1 /* Frameworks */,
				B5539E2C2CF41EFB00D5FBC1 /* Resources */,
				16C58B7408CBAEAF6BBAEE8A /* [CP] Embed Pods Frameworks */,
			);
			buildRules = (
			);
			dependencies = (
			);
			name = WeatherApp;
			productName = WeatherApp;
			productReference = B5539E2E2CF41EFB00D5FBC1 /* WeatherApp.app */;
			productType = "com.apple.product-type.application";
		};
/* End PBXNativeTarget section */

/* Begin PBXProject section */
		B5539E262CF41EFB00D5FBC1 /* Project object */ = {
			isa = PBXProject;
			attributes = {
				BuildIndependentTargetsInParallel = 1;
				LastSwiftUpdateCheck = 1540;
				LastUpgradeCheck = 1540;
				TargetAttributes = {
					B5539E2D2CF41EFB00D5FBC1 = {
						CreatedOnToolsVersion = 15.4;
					};
				};
			};
			buildConfigurationList = B5539E292CF41EFB00D5FBC1 /* Build configuration list for PBXProject "WeatherApp" */;
			compatibilityVersion = "Xcode 14.0";
			developmentRegion = en;
			hasScannedForEncodings = 0;
			knownRegions = (
				en,
				Base,
			);
			mainGroup = B5539E252CF41EFB00D5FBC1;
			productRefGroup = B5539E2F2CF41EFB00D5FBC1 /* Products */;
			projectDirPath = "";
			projectRoot = "";
			targets = (
				B5539E2D2CF41EFB00D5FBC1 /* WeatherApp */,
			);
		};
/* End PBXProject section */

/* Begin PBXResourcesBuildPhase section */
		B5539E2C2CF41EFB00D5FBC1 /* Resources */ = {
			isa = PBXResourcesBuildPhase;
			buildActionMask = 2147483647;
			files = (
				B5539E392CF41EFD00D5FBC1 /* Preview Assets.xcassets in Resources */,
				B5539E362CF41EFD00D5FBC1 /* Assets.xcassets in Resources */,
			);
			runOnlyForDeploymentPostprocessing = 0;
		};
/* End PBXResourcesBuildPhase section */

/* Begin PBXShellScriptBuildPhase section */
		16C58B7408CBAEAF6BBAEE8A /* [CP] Embed Pods Frameworks */ = {
			isa = PBXShellScriptBuildPhase;
			buildActionMask = 2147483647;
			files = (
			);
			inputFileListPaths = (
				"${PODS_ROOT}/Target Support Files/Pods-WeatherApp/Pods-WeatherApp-frameworks-${CONFIGURATION}-input-files.xcfilelist",
			);
			name = "[CP] Embed Pods Frameworks";
			outputFileListPaths = (
				"${PODS_ROOT}/Target Support Files/Pods-WeatherApp/Pods-WeatherApp-frameworks-${CONFIGURATION}-output-files.xcfilelist",
			);
			runOnlyForDeploymentPostprocessing = 0;
			shellPath = /bin/sh;
			shellScript = "\"${PODS_ROOT}/Target Support Files/Pods-WeatherApp/Pods-WeatherApp-frameworks.sh\"\n";
			showEnvVarsInLog = 0;
		};
		403B56B99C78A3AC539B561A /* [CP] Check Pods Manifest.lock */ = {
			isa = PBXShellScriptBuildPhase;
			buildActionMask = 2147483647;
			files = (
			);
			inputFileListPaths = (
			);
			inputPaths = (
				"${PODS_PODFILE_DIR_PATH}/Podfile.lock",
				"${PODS_ROOT}/Manifest.lock",
			);
			name = "[CP] Check Pods Manifest.lock";
			outputFileListPaths = (
			);
			outputPaths = (
				"$(DERIVED_FILE_DIR)/Pods-WeatherApp-checkManifestLockResult.txt",
			);
			runOnlyForDeploymentPostprocessing = 0;
			shellPath = /bin/sh;
			shellScript = "diff \"${PODS_PODFILE_DIR_PATH}/Podfile.lock\" \"${PODS_ROOT}/Manifest.lock\" > /dev/null\nif [ $? != 0 ] ; then\n    # print error to STDERR\n    echo \"error: The sandbox is not in sync with the Podfile.lock. Run 'pod install' or update your CocoaPods installation.\" >&2\n    exit 1\nfi\n# This output is used by Xcode 'outputs' to avoid re-running this script phase.\necho \"SUCCESS\" > \"${SCRIPT_OUTPUT_FILE_0}\"\n";
			showEnvVarsInLog = 0;
		};
/* End PBXShellScriptBuildPhase section */

/* Begin PBXSourcesBuildPhase section */
		B5539E2A2CF41EFB00D5FBC1 /* Sources */ = {
			isa = PBXSourcesBuildPhase;
			buildActionMask = 2147483647;
			files = (
				B5539E4D2CF422A900D5FBC1 /* APIManager.swift in Sources */,
				B5539E562CF4239100D5FBC1 /* SearchBarView.swift in Sources */,
				B5539E342CF41EFB00D5FBC1 /* ContentView.swift in Sources */,
				B5539E582CF423A300D5FBC1 /* LoadingView.swift in Sources */,
				B5539E422CF4218700D5FBC1 /* WeatherModel.swift in Sources */,
				B5539E512CF4231D00D5FBC1 /* WeatherViewModel.swift in Sources */,
				B5539E5A2CF423B800D5FBC1 /* WeatherContentView.swift in Sources */,
				B5539E322CF41EFB00D5FBC1 /* WeatherAppApp.swift in Sources */,
				B5539E452CF421A500D5FBC1 /* ErrorResponse.swift in Sources */,
				B5539E4B2CF4228300D5FBC1 /* NetworkError.swift in Sources */,
				B5539E532CF4235600D5FBC1 /* WeatherView.swift in Sources */,
				B5539E5E2CF423D600D5FBC1 /* ErrorView.swift in Sources */,
				B5539E5C2CF423C700D5FBC1 /* WeatherInfoView.swift in Sources */,
			);
			runOnlyForDeploymentPostprocessing = 0;
		};
/* End PBXSourcesBuildPhase section */

/* Begin XCBuildConfiguration section */
		B5539E3A2CF41EFD00D5FBC1 /* Debug */ = {
			isa = XCBuildConfiguration;
			buildSettings = {
				ALWAYS_SEARCH_USER_PATHS = NO;
				ASSETCATALOG_COMPILER_GENERATE_SWIFT_ASSET_SYMBOL_EXTENSIONS = YES;
				CLANG_ANALYZER_NONNULL = YES;
				CLANG_ANALYZER_NUMBER_OBJECT_CONVERSION = YES_AGGRESSIVE;
				CLANG_CXX_LANGUAGE_STANDARD = "gnu++20";
				CLANG_ENABLE_MODULES = YES;
				CLANG_ENABLE_OBJC_ARC = YES;
				CLANG_ENABLE_OBJC_WEAK = YES;
				CLANG_WARN_BLOCK_CAPTURE_AUTORELEASING = YES;
				CLANG_WARN_BOOL_CONVERSION = YES;
				CLANG_WARN_COMMA = YES;
				CLANG_WARN_CONSTANT_CONVERSION = YES;
				CLANG_WARN_DEPRECATED_OBJC_IMPLEMENTATIONS = YES;
				CLANG_WARN_DIRECT_OBJC_ISA_USAGE = YES_ERROR;
				CLANG_WARN_DOCUMENTATION_COMMENTS = YES;
				CLANG_WARN_EMPTY_BODY = YES;
				CLANG_WARN_ENUM_CONVERSION = YES;
				CLANG_WARN_INFINITE_RECURSION = YES;
				CLANG_WARN_INT_CONVERSION = YES;
				CLANG_WARN_NON_LITERAL_NULL_CONVERSION = YES;
				CLANG_WARN_OBJC_IMPLICIT_RETAIN_SELF = YES;
				CLANG_WARN_OBJC_LITERAL_CONVERSION = YES;
				CLANG_WARN_OBJC_ROOT_CLASS = YES_ERROR;
				CLANG_WARN_QUOTED_INCLUDE_IN_FRAMEWORK_HEADER = YES;
				CLANG_WARN_RANGE_LOOP_ANALYSIS = YES;
				CLANG_WARN_STRICT_PROTOTYPES = YES;
				CLANG_WARN_SUSPICIOUS_MOVE = YES;
				CLANG_WARN_UNGUARDED_AVAILABILITY = YES_AGGRESSIVE;
				CLANG_WARN_UNREACHABLE_CODE = YES;
				CLANG_WARN__DUPLICATE_METHOD_MATCH = YES;
				COPY_PHASE_STRIP = NO;
				DEBUG_INFORMATION_FORMAT = dwarf;
				ENABLE_STRICT_OBJC_MSGSEND = YES;
				ENABLE_TESTABILITY = YES;
				ENABLE_USER_SCRIPT_SANDBOXING = YES;
				GCC_C_LANGUAGE_STANDARD = gnu17;
				GCC_DYNAMIC_NO_PIC = NO;
				GCC_NO_COMMON_BLOCKS = YES;
				GCC_OPTIMIZATION_LEVEL = 0;
				GCC_PREPROCESSOR_DEFINITIONS = (
					"DEBUG=1",
					"$(inherited)",
				);
				GCC_WARN_64_TO_32_BIT_CONVERSION = YES;
				GCC_WARN_ABOUT_RETURN_TYPE = YES_ERROR;
				GCC_WARN_UNDECLARED_SELECTOR = YES;
				GCC_WARN_UNINITIALIZED_AUTOS = YES_AGGRESSIVE;
				GCC_WARN_UNUSED_FUNCTION = YES;
				GCC_WARN_UNUSED_VARIABLE = YES;
				IPHONEOS_DEPLOYMENT_TARGET = 17.5;
				LOCALIZATION_PREFERS_STRING_CATALOGS = YES;
				MTL_ENABLE_DEBUG_INFO = INCLUDE_SOURCE;
				MTL_FAST_MATH = YES;
				ONLY_ACTIVE_ARCH = YES;
				SDKROOT = iphoneos;
				SWIFT_ACTIVE_COMPILATION_CONDITIONS = "DEBUG $(inherited)";
				SWIFT_OPTIMIZATION_LEVEL = "-Onone";
			};
			name = Debug;
		};
		B5539E3B2CF41EFD00D5FBC1 /* Release */ = {
			isa = XCBuildConfiguration;
			buildSettings = {
				ALWAYS_SEARCH_USER_PATHS = NO;
				ASSETCATALOG_COMPILER_GENERATE_SWIFT_ASSET_SYMBOL_EXTENSIONS = YES;
				CLANG_ANALYZER_NONNULL = YES;
				CLANG_ANALYZER_NUMBER_OBJECT_CONVERSION = YES_AGGRESSIVE;
				CLANG_CXX_LANGUAGE_STANDARD = "gnu++20";
				CLANG_ENABLE_MODULES = YES;
				CLANG_ENABLE_OBJC_ARC = YES;
				CLANG_ENABLE_OBJC_WEAK = YES;
				CLANG_WARN_BLOCK_CAPTURE_AUTORELEASING = YES;
				CLANG_WARN_BOOL_CONVERSION = YES;
				CLANG_WARN_COMMA = YES;
				CLANG_WARN_CONSTANT_CONVERSION = YES;
				CLANG_WARN_DEPRECATED_OBJC_IMPLEMENTATIONS = YES;
				CLANG_WARN_DIRECT_OBJC_ISA_USAGE = YES_ERROR;
				CLANG_WARN_DOCUMENTATION_COMMENTS = YES;
				CLANG_WARN_EMPTY_BODY = YES;
				CLANG_WARN_ENUM_CONVERSION = YES;
				CLANG_WARN_INFINITE_RECURSION = YES;
				CLANG_WARN_INT_CONVERSION = YES;
				CLANG_WARN_NON_LITERAL_NULL_CONVERSION = YES;
				CLANG_WARN_OBJC_IMPLICIT_RETAIN_SELF = YES;
				CLANG_WARN_OBJC_LITERAL_CONVERSION = YES;
				CLANG_WARN_OBJC_ROOT_CLASS = YES_ERROR;
				CLANG_WARN_QUOTED_INCLUDE_IN_FRAMEWORK_HEADER = YES;
				CLANG_WARN_RANGE_LOOP_ANALYSIS = YES;
				CLANG_WARN_STRICT_PROTOTYPES = YES;
				CLANG_WARN_SUSPICIOUS_MOVE = YES;
				CLANG_WARN_UNGUARDED_AVAILABILITY = YES_AGGRESSIVE;
				CLANG_WARN_UNREACHABLE_CODE = YES;
				CLANG_WARN__DUPLICATE_METHOD_MATCH = YES;
				COPY_PHASE_STRIP = NO;
				DEBUG_INFORMATION_FORMAT = "dwarf-with-dsym";
				ENABLE_NS_ASSERTIONS = NO;
				ENABLE_STRICT_OBJC_MSGSEND = YES;
				ENABLE_USER_SCRIPT_SANDBOXING = YES;
				GCC_C_LANGUAGE_STANDARD = gnu17;
				GCC_NO_COMMON_BLOCKS = YES;
				GCC_WARN_64_TO_32_BIT_CONVERSION = YES;
				GCC_WARN_ABOUT_RETURN_TYPE = YES_ERROR;
				GCC_WARN_UNDECLARED_SELECTOR = YES;
				GCC_WARN_UNINITIALIZED_AUTOS = YES_AGGRESSIVE;
				GCC_WARN_UNUSED_FUNCTION = YES;
				GCC_WARN_UNUSED_VARIABLE = YES;
				IPHONEOS_DEPLOYMENT_TARGET = 17.5;
				LOCALIZATION_PREFERS_STRING_CATALOGS = YES;
				MTL_ENABLE_DEBUG_INFO = NO;
				MTL_FAST_MATH = YES;
				SDKROOT = iphoneos;
				SWIFT_COMPILATION_MODE = wholemodule;
				VALIDATE_PRODUCT = YES;
			};
			name = Release;
		};
		B5539E3D2CF41EFD00D5FBC1 /* Debug */ = {
			isa = XCBuildConfiguration;
			baseConfigurationReference = 84F84A9C6D2E9FBD4CEBF058 /* Pods-WeatherApp.debug.xcconfig */;
			buildSettings = {
				ASSETCATALOG_COMPILER_APPICON_NAME = AppIcon;
				ASSETCATALOG_COMPILER_GLOBAL_ACCENT_COLOR_NAME = AccentColor;
				CODE_SIGN_STYLE = Automatic;
				CURRENT_PROJECT_VERSION = 1;
				DEVELOPMENT_ASSET_PATHS = "\"WeatherApp/Preview Content\"";
				ENABLE_PREVIEWS = YES;
				ENABLE_USER_SCRIPT_SANDBOXING = NO;
				GENERATE_INFOPLIST_FILE = YES;
				INFOPLIST_KEY_UIApplicationSceneManifest_Generation = YES;
				INFOPLIST_KEY_UIApplicationSupportsIndirectInputEvents = YES;
				INFOPLIST_KEY_UILaunchScreen_Generation = YES;
				INFOPLIST_KEY_UISupportedInterfaceOrientations_iPad = "UIInterfaceOrientationPortrait UIInterfaceOrientationPortraitUpsideDown UIInterfaceOrientationLandscapeLeft UIInterfaceOrientationLandscapeRight";
				INFOPLIST_KEY_UISupportedInterfaceOrientations_iPhone = "UIInterfaceOrientationPortrait UIInterfaceOrientationLandscapeLeft UIInterfaceOrientationLandscapeRight";
				LD_RUNPATH_SEARCH_PATHS = (
					"$(inherited)",
					"@executable_path/Frameworks",
				);
				MARKETING_VERSION = 1.0;
				PRODUCT_BUNDLE_IDENTIFIER = testing.WeatherApp;
				PRODUCT_NAME = "$(TARGET_NAME)";
				SWIFT_EMIT_LOC_STRINGS = YES;
				SWIFT_VERSION = 5.0;
				TARGETED_DEVICE_FAMILY = "1,2";
			};
			name = Debug;
		};
		B5539E3E2CF41EFD00D5FBC1 /* Release */ = {
			isa = XCBuildConfiguration;
			baseConfigurationReference = 32FDB062B1F1F53EE745F31E /* Pods-WeatherApp.release.xcconfig */;
			buildSettings = {
				ASSETCATALOG_COMPILER_APPICON_NAME = AppIcon;
				ASSETCATALOG_COMPILER_GLOBAL_ACCENT_COLOR_NAME = AccentColor;
				CODE_SIGN_STYLE = Automatic;
				CURRENT_PROJECT_VERSION = 1;
				DEVELOPMENT_ASSET_PATHS = "\"WeatherApp/Preview Content\"";
				ENABLE_PREVIEWS = YES;
				ENABLE_USER_SCRIPT_SANDBOXING = NO;
				GENERATE_INFOPLIST_FILE = YES;
				INFOPLIST_KEY_UIApplicationSceneManifest_Generation = YES;
				INFOPLIST_KEY_UIApplicationSupportsIndirectInputEvents = YES;
				INFOPLIST_KEY_UILaunchScreen_Generation = YES;
				INFOPLIST_KEY_UISupportedInterfaceOrientations_iPad = "UIInterfaceOrientationPortrait UIInterfaceOrientationPortraitUpsideDown UIInterfaceOrientationLandscapeLeft UIInterfaceOrientationLandscapeRight";
				INFOPLIST_KEY_UISupportedInterfaceOrientations_iPhone = "UIInterfaceOrientationPortrait UIInterfaceOrientationLandscapeLeft UIInterfaceOrientationLandscapeRight";
				LD_RUNPATH_SEARCH_PATHS = (
					"$(inherited)",
					"@executable_path/Frameworks",
				);
				MARKETING_VERSION = 1.0;
				PRODUCT_BUNDLE_IDENTIFIER = testing.WeatherApp;
				PRODUCT_NAME = "$(TARGET_NAME)";
				SWIFT_EMIT_LOC_STRINGS = YES;
				SWIFT_VERSION = 5.0;
				TARGETED_DEVICE_FAMILY = "1,2";
			};
			name = Release;
		};
/* End XCBuildConfiguration section */

/* Begin XCConfigurationList section */
		B5539E292CF41EFB00D5FBC1 /* Build configuration list for PBXProject "WeatherApp" */ = {
			isa = XCConfigurationList;
			buildConfigurations = (
				B5539E3A2CF41EFD00D5FBC1 /* Debug */,
				B5539E3B2CF41EFD00D5FBC1 /* Release */,
			);
			defaultConfigurationIsVisible = 0;
			defaultConfigurationName = Release;
		};
		B5539E3C2CF41EFD00D5FBC1 /* Build configuration list for PBXNativeTarget "WeatherApp" */ = {
			isa = XCConfigurationList;
			buildConfigurations = (
				B5539E3D2CF41EFD00D5FBC1 /* Debug */,
				B5539E3E2CF41EFD00D5FBC1 /* Release */,
			);
			defaultConfigurationIsVisible = 0;
			defaultConfigurationName = Release;
		};
/* End XCConfigurationList section */
	};
	rootObject = B5539E262CF41EFB00D5FBC1 /* Project object */;
}
